Microsoft Visual Studio Solution File, Format Version 8.00
Project("{8BC9CEB8-8B4A-11D0-8D11-00A0C91BC942}") = "l2netmgr", "l2netmgr.vcproj", "{557304DE-25B4-44E9-A1D1-25E69094287A}"
	ProjectSection(ProjectDependencies) = postProject
	EndProjectSection
EndProject
Global
	GlobalSection(SolutionConfiguration) = preSolution
		Debug = Debug
		Release = Release
	EndGlobalSection
	GlobalSection(ProjectConfiguration) = postSolution
		{557304DE-25B4-44E9-A1D1-25E69094287A}.Debug.ActiveCfg = Debug|Win32
		{557304DE-25B4-44E9-A1D1-25E69094287A}.Debug.Build.0 = Debug|Win32
		{557304DE-25B4-44E9-A1D1-25E69094287A}.Release.ActiveCfg = Release|Win32
		{557304DE-25B4-44E9-A1D1-25E69094287A}.Release.Build.0 = Release|Win32
	EndGlobalSection
	GlobalSection(ExtensibilityGlobals) = postSolution
	EndGlobalSection
	GlobalSection(ExtensibilityAddIns) = postSolution
	EndGlobalSection
EndGlobal
